
Microsoft Visual Studio Solution File, Format Version 12.00
# Visual Studio 2013
VisualStudioVersion = 12.0.31101.0
MinimumVisualStudioVersion = 10.0.40219.1
Project("{FAE04EC0-301F-11D3-BF4B-00C04F79EFBC}") = "DAL", "DAL\DAL.csproj", "{29568BE3-41CB-4AB6-84F2-A0608F9A4231}"
EndProject
Project("{FAE04EC0-301F-11D3-BF4B-00C04F79EFBC}") = "BL", "BL\BL.csproj", "{019421D4-E1C2-4018-9790-64C067946AF7}"
EndProject
Project("{FAE04EC0-301F-11D3-BF4B-00C04F79EFBC}") = "Bootstrapper", "Bootstrapper\Bootstrapper.csproj", "{D3EDF97F-D7A9-46C8-8A99-268D30F1EEC5}"
EndProject
Project("{FAE04EC0-301F-11D3-BF4B-00C04F79EFBC}") = "UI.ConsoleApp", "UI.ConsoleApp\UI.ConsoleApp.csproj", "{46394579-5EE2-429B-888B-4F43BB0056BA}"
EndProject
Global
	GlobalSection(SolutionConfigurationPlatforms) = preSolution
		Debug|Any CPU = Debug|Any CPU
		Release|Any CPU = Release|Any CPU
	EndGlobalSection
	GlobalSection(ProjectConfigurationPlatforms) = postSolution
		{29568BE3-41CB-4AB6-84F2-A0608F9A4231}.Debug|Any CPU.ActiveCfg = Debug|Any CPU
		{29568BE3-41CB-4AB6-84F2-A0608F9A4231}.Debug|Any CPU.Build.0 = Debug|Any CPU
		{29568BE3-41CB-4AB6-84F2-A0608F9A4231}.Release|Any CPU.ActiveCfg = Release|Any CPU
		{29568BE3-41CB-4AB6-84F2-A0608F9A4231}.Release|Any CPU.Build.0 = Release|Any CPU
		{019421D4-E1C2-4018-9790-64C067946AF7}.Debug|Any CPU.ActiveCfg = Debug|Any CPU
		{019421D4-E1C2-4018-9790-64C067946AF7}.Debug|Any CPU.Build.0 = Debug|Any CPU
		{019421D4-E1C2-4018-9790-64C067946AF7}.Release|Any CPU.ActiveCfg = Release|Any CPU
		{019421D4-E1C2-4018-9790-64C067946AF7}.Release|Any CPU.Build.0 = Release|Any CPU
		{D3EDF97F-D7A9-46C8-8A99-268D30F1EEC5}.Debug|Any CPU.ActiveCfg = Debug|Any CPU
		{D3EDF97F-D7A9-46C8-8A99-268D30F1EEC5}.Debug|Any CPU.Build.0 = Debug|Any CPU
		{D3EDF97F-D7A9-46C8-8A99-268D30F1EEC5}.Release|Any CPU.ActiveCfg = Release|Any CPU
		{D3EDF97F-D7A9-46C8-8A99-268D30F1EEC5}.Release|Any CPU.Build.0 = Release|Any CPU
		{46394579-5EE2-429B-888B-4F43BB0056BA}.Debug|Any CPU.ActiveCfg = Debug|Any CPU
		{46394579-5EE2-429B-888B-4F43BB0056BA}.Debug|Any CPU.Build.0 = Debug|Any CPU
		{46394579-5EE2-429B-888B-4F43BB0056BA}.Release|Any CPU.ActiveCfg = Release|Any CPU
		{46394579-5EE2-429B-888B-4F43BB0056BA}.Release|Any CPU.Build.0 = Release|Any CPU
	EndGlobalSection
	GlobalSection(SolutionProperties) = preSolution
		HideSolutionNode = FALSE
	EndGlobalSection
EndGlobal
